
Microsoft Visual Studio Solution File, Format Version 12.00
# Visual Studio Version 17
VisualStudioVersion = 17.12.35514.174
MinimumVisualStudioVersion = 10.0.40219.1
Project("{FAE04EC0-301F-11D3-BF4B-00C04F79EFBC}") = "ProductionLaunch", "CSharp\ProductionLaunch.csproj", "{1B9126EC-39B2-4811-ABB7-66FBA030A0CC}"
EndProject
Project("{2150E333-8FDC-42A3-9474-1A3956D46DE8}") = "Core", "Core", "{D8AC2BCB-B432-4D66-A862-920A33D3A577}"
EndProject
Project("{2150E333-8FDC-42A3-9474-1A3956D46DE8}") = "Tool", "Tool", "{776467B8-A3EB-4F71-A631-814AEA70FF64}"
EndProject
Project("{FAE04EC0-301F-11D3-BF4B-00C04F79EFBC}") = "CreateConfig", "ConfigurationTool\CreateConfig\CreateConfig.csproj", "{F8D72484-8E3F-4E02-8E0A-1BDFA6F7099E}"
EndProject
Project("{FAE04EC0-301F-11D3-BF4B-00C04F79EFBC}") = "DiagnosticToolbox", "ConfigurationTool\DiagnosticToolbox\DiagnosticToolbox.csproj", "{CE226DDB-318D-4751-8306-30C2D9560482}"
EndProject
Project("{FAE04EC0-301F-11D3-BF4B-00C04F79EFBC}") = "MemoryTester", "ConfigurationTool\MemoryTester\MemoryTester.csproj", "{AC2F5432-BCE1-4A15-90E2-775BC6A47E67}"
EndProject
Project("{FAE04EC0-301F-11D3-BF4B-00C04F79EFBC}") = "RSACommon", "ConfigurationTool\RSACommon\RSACommon\RSACommon.csproj", "{AA7764F7-D3A9-42FD-9EEF-0AB1424B14E8}"
EndProject
Project("{FAE04EC0-301F-11D3-BF4B-00C04F79EFBC}") = "RSAInterface", "ConfigurationTool\RSAInterface\RSAInterface\RSAInterface.csproj", "{7C1A9073-C280-4670-BC54-258EBCE48BF0}"
EndProject
Project("{FAE04EC0-301F-11D3-BF4B-00C04F79EFBC}") = "TCP Asynchronous Client", "CSharp\TCP Asynchronous Client\TCP Asynchronous Client.csproj", "{53237365-B074-4941-9B9F-C2C292632CBF}"
EndProject
Global
	GlobalSection(SolutionConfigurationPlatforms) = preSolution
		Debug|Any CPU = Debug|Any CPU
		Debug|x64 = Debug|x64
		Debug|x86 = Debug|x86
		Release|Any CPU = Release|Any CPU
		Release|x64 = Release|x64
		Release|x86 = Release|x86
	EndGlobalSection
	GlobalSection(ProjectConfigurationPlatforms) = postSolution
		{1B9126EC-39B2-4811-ABB7-66FBA030A0CC}.Debug|Any CPU.ActiveCfg = Debug|Any CPU
		{1B9126EC-39B2-4811-ABB7-66FBA030A0CC}.Debug|Any CPU.Build.0 = Debug|Any CPU
		{1B9126EC-39B2-4811-ABB7-66FBA030A0CC}.Debug|x64.ActiveCfg = Debug|x64
		{1B9126EC-39B2-4811-ABB7-66FBA030A0CC}.Debug|x64.Build.0 = Debug|x64
		{1B9126EC-39B2-4811-ABB7-66FBA030A0CC}.Debug|x86.ActiveCfg = Debug|x86
		{1B9126EC-39B2-4811-ABB7-66FBA030A0CC}.Debug|x86.Build.0 = Debug|x86
		{1B9126EC-39B2-4811-ABB7-66FBA030A0CC}.Release|Any CPU.ActiveCfg = Release|Any CPU
		{1B9126EC-39B2-4811-ABB7-66FBA030A0CC}.Release|Any CPU.Build.0 = Release|Any CPU
		{1B9126EC-39B2-4811-ABB7-66FBA030A0CC}.Release|x64.ActiveCfg = Release|x64
		{1B9126EC-39B2-4811-ABB7-66FBA030A0CC}.Release|x64.Build.0 = Release|x64
		{1B9126EC-39B2-4811-ABB7-66FBA030A0CC}.Release|x86.ActiveCfg = Release|x86
		{1B9126EC-39B2-4811-ABB7-66FBA030A0CC}.Release|x86.Build.0 = Release|x86
		{F8D72484-8E3F-4E02-8E0A-1BDFA6F7099E}.Debug|Any CPU.ActiveCfg = Debug|Any CPU
		{F8D72484-8E3F-4E02-8E0A-1BDFA6F7099E}.Debug|Any CPU.Build.0 = Debug|Any CPU
		{F8D72484-8E3F-4E02-8E0A-1BDFA6F7099E}.Debug|x64.ActiveCfg = Debug|Any CPU
		{F8D72484-8E3F-4E02-8E0A-1BDFA6F7099E}.Debug|x64.Build.0 = Debug|Any CPU
		{F8D72484-8E3F-4E02-8E0A-1BDFA6F7099E}.Debug|x86.ActiveCfg = Debug|Any CPU
		{F8D72484-8E3F-4E02-8E0A-1BDFA6F7099E}.Debug|x86.Build.0 = Debug|Any CPU
		{F8D72484-8E3F-4E02-8E0A-1BDFA6F7099E}.Release|Any CPU.ActiveCfg = Release|Any CPU
		{F8D72484-8E3F-4E02-8E0A-1BDFA6F7099E}.Release|Any CPU.Build.0 = Release|Any CPU
		{F8D72484-8E3F-4E02-8E0A-1BDFA6F7099E}.Release|x64.ActiveCfg = Release|Any CPU
		{F8D72484-8E3F-4E02-8E0A-1BDFA6F7099E}.Release|x64.Build.0 = Release|Any CPU
		{F8D72484-8E3F-4E02-8E0A-1BDFA6F7099E}.Release|x86.ActiveCfg = Release|Any CPU
		{F8D72484-8E3F-4E02-8E0A-1BDFA6F7099E}.Release|x86.Build.0 = Release|Any CPU
		{CE226DDB-318D-4751-8306-30C2D9560482}.Debug|Any CPU.ActiveCfg = Debug|Any CPU
		{CE226DDB-318D-4751-8306-30C2D9560482}.Debug|Any CPU.Build.0 = Debug|Any CPU
		{CE226DDB-318D-4751-8306-30C2D9560482}.Debug|x64.ActiveCfg = Debug|Any CPU
		{CE226DDB-318D-4751-8306-30C2D9560482}.Debug|x64.Build.0 = Debug|Any CPU
		{CE226DDB-318D-4751-8306-30C2D9560482}.Debug|x86.ActiveCfg = Debug|Any CPU
		{CE226DDB-318D-4751-8306-30C2D9560482}.Debug|x86.Build.0 = Debug|Any CPU
		{CE226DDB-318D-4751-8306-30C2D9560482}.Release|Any CPU.ActiveCfg = Release|Any CPU
		{CE226DDB-318D-4751-8306-30C2D9560482}.Release|Any CPU.Build.0 = Release|Any CPU
		{CE226DDB-318D-4751-8306-30C2D9560482}.Release|x64.ActiveCfg = Release|Any CPU
		{CE226DDB-318D-4751-8306-30C2D9560482}.Release|x64.Build.0 = Release|Any CPU
		{CE226DDB-318D-4751-8306-30C2D9560482}.Release|x86.ActiveCfg = Release|Any CPU
		{CE226DDB-318D-4751-8306-30C2D9560482}.Release|x86.Build.0 = Release|Any CPU
		{AC2F5432-BCE1-4A15-90E2-775BC6A47E67}.Debug|Any CPU.ActiveCfg = Debug|Any CPU
		{AC2F5432-BCE1-4A15-90E2-775BC6A47E67}.Debug|Any CPU.Build.0 = Debug|Any CPU
		{AC2F5432-BCE1-4A15-90E2-775BC6A47E67}.Debug|x64.ActiveCfg = Debug|x64
		{AC2F5432-BCE1-4A15-90E2-775BC6A47E67}.Debug|x64.Build.0 = Debug|x64
		{AC2F5432-BCE1-4A15-90E2-775BC6A47E67}.Debug|x86.ActiveCfg = Debug|Any CPU
		{AC2F5432-BCE1-4A15-90E2-775BC6A47E67}.Debug|x86.Build.0 = Debug|Any CPU
		{AC2F5432-BCE1-4A15-90E2-775BC6A47E67}.Release|Any CPU.ActiveCfg = Release|Any CPU
		{AC2F5432-BCE1-4A15-90E2-775BC6A47E67}.Release|Any CPU.Build.0 = Release|Any CPU
		{AC2F5432-BCE1-4A15-90E2-775BC6A47E67}.Release|x64.ActiveCfg = Release|x64
		{AC2F5432-BCE1-4A15-90E2-775BC6A47E67}.Release|x64.Build.0 = Release|x64
		{AC2F5432-BCE1-4A15-90E2-775BC6A47E67}.Release|x86.ActiveCfg = Release|Any CPU
		{AC2F5432-BCE1-4A15-90E2-775BC6A47E67}.Release|x86.Build.0 = Release|Any CPU
		{AA7764F7-D3A9-42FD-9EEF-0AB1424B14E8}.Debug|Any CPU.ActiveCfg = Debug|Any CPU
		{AA7764F7-D3A9-42FD-9EEF-0AB1424B14E8}.Debug|Any CPU.Build.0 = Debug|Any CPU
		{AA7764F7-D3A9-42FD-9EEF-0AB1424B14E8}.Debug|x64.ActiveCfg = Debug|x64
		{AA7764F7-D3A9-42FD-9EEF-0AB1424B14E8}.Debug|x64.Build.0 = Debug|x64
		{AA7764F7-D3A9-42FD-9EEF-0AB1424B14E8}.Debug|x86.ActiveCfg = Debug|x86
		{AA7764F7-D3A9-42FD-9EEF-0AB1424B14E8}.Debug|x86.Build.0 = Debug|x86
		{AA7764F7-D3A9-42FD-9EEF-0AB1424B14E8}.Release|Any CPU.ActiveCfg = Release|Any CPU
		{AA7764F7-D3A9-42FD-9EEF-0AB1424B14E8}.Release|Any CPU.Build.0 = Release|Any CPU
		{AA7764F7-D3A9-42FD-9EEF-0AB1424B14E8}.Release|x64.ActiveCfg = Release|x64
		{AA7764F7-D3A9-42FD-9EEF-0AB1424B14E8}.Release|x64.Build.0 = Release|x64
		{AA7764F7-D3A9-42FD-9EEF-0AB1424B14E8}.Release|x86.ActiveCfg = Release|x86
		{AA7764F7-D3A9-42FD-9EEF-0AB1424B14E8}.Release|x86.Build.0 = Release|x86
		{7C1A9073-C280-4670-BC54-258EBCE48BF0}.Debug|Any CPU.ActiveCfg = Debug|Any CPU
		{7C1A9073-C280-4670-BC54-258EBCE48BF0}.Debug|Any CPU.Build.0 = Debug|Any CPU
		{7C1A9073-C280-4670-BC54-258EBCE48BF0}.Debug|x64.ActiveCfg = Debug|Any CPU
		{7C1A9073-C280-4670-BC54-258EBCE48BF0}.Debug|x64.Build.0 = Debug|Any CPU
		{7C1A9073-C280-4670-BC54-258EBCE48BF0}.Debug|x86.ActiveCfg = Debug|Any CPU
		{7C1A9073-C280-4670-BC54-258EBCE48BF0}.Debug|x86.Build.0 = Debug|Any CPU
		{7C1A9073-C280-4670-BC54-258EBCE48BF0}.Release|Any CPU.ActiveCfg = Release|Any CPU
		{7C1A9073-C280-4670-BC54-258EBCE48BF0}.Release|Any CPU.Build.0 = Release|Any CPU
		{7C1A9073-C280-4670-BC54-258EBCE48BF0}.Release|x64.ActiveCfg = Release|Any CPU
		{7C1A9073-C280-4670-BC54-258EBCE48BF0}.Release|x64.Build.0 = Release|Any CPU
		{7C1A9073-C280-4670-BC54-258EBCE48BF0}.Release|x86.ActiveCfg = Release|Any CPU
		{7C1A9073-C280-4670-BC54-258EBCE48BF0}.Release|x86.Build.0 = Release|Any CPU
		{53237365-B074-4941-9B9F-C2C292632CBF}.Debug|Any CPU.ActiveCfg = Debug|Any CPU
		{53237365-B074-4941-9B9F-C2C292632CBF}.Debug|Any CPU.Build.0 = Debug|Any CPU
		{53237365-B074-4941-9B9F-C2C292632CBF}.Debug|x64.ActiveCfg = Debug|Any CPU
		{53237365-B074-4941-9B9F-C2C292632CBF}.Debug|x64.Build.0 = Debug|Any CPU
		{53237365-B074-4941-9B9F-C2C292632CBF}.Debug|x86.ActiveCfg = Debug|Any CPU
		{53237365-B074-4941-9B9F-C2C292632CBF}.Debug|x86.Build.0 = Debug|Any CPU
		{53237365-B074-4941-9B9F-C2C292632CBF}.Release|Any CPU.ActiveCfg = Release|Any CPU
		{53237365-B074-4941-9B9F-C2C292632CBF}.Release|Any CPU.Build.0 = Release|Any CPU
		{53237365-B074-4941-9B9F-C2C292632CBF}.Release|x64.ActiveCfg = Release|Any CPU
		{53237365-B074-4941-9B9F-C2C292632CBF}.Release|x64.Build.0 = Release|Any CPU
		{53237365-B074-4941-9B9F-C2C292632CBF}.Release|x86.ActiveCfg = Release|Any CPU
		{53237365-B074-4941-9B9F-C2C292632CBF}.Release|x86.Build.0 = Release|Any CPU
	EndGlobalSection
	GlobalSection(SolutionProperties) = preSolution
		HideSolutionNode = FALSE
	EndGlobalSection
	GlobalSection(NestedProjects) = preSolution
		{776467B8-A3EB-4F71-A631-814AEA70FF64} = {D8AC2BCB-B432-4D66-A862-920A33D3A577}
		{F8D72484-8E3F-4E02-8E0A-1BDFA6F7099E} = {776467B8-A3EB-4F71-A631-814AEA70FF64}
		{CE226DDB-318D-4751-8306-30C2D9560482} = {776467B8-A3EB-4F71-A631-814AEA70FF64}
		{AC2F5432-BCE1-4A15-90E2-775BC6A47E67} = {776467B8-A3EB-4F71-A631-814AEA70FF64}
		{AA7764F7-D3A9-42FD-9EEF-0AB1424B14E8} = {776467B8-A3EB-4F71-A631-814AEA70FF64}
		{7C1A9073-C280-4670-BC54-258EBCE48BF0} = {776467B8-A3EB-4F71-A631-814AEA70FF64}
	EndGlobalSection
EndGlobal
